uuid: 587a7519-90ba-4d52-8606-b58d3ab4430e
langcode: en
status: true
dependencies:
  content:
    - 'block_content:block_for_side_news_with_descrip:26f04e68-c9bd-430b-a0c6-2528bc32e5df'
  module:
    - block_content
  theme:
    - bartik
id: firstfooterblock
theme: bartik
region: footer_first
weight: 0
provider: null
plugin: 'block_content:26f04e68-c9bd-430b-a0c6-2528bc32e5df'
settings:
  id: 'block_content:26f04e68-c9bd-430b-a0c6-2528bc32e5df'
  label: 'About Us'
  label_display: visible
  provider: block_content
  status: true
  info: ''
  view_mode: full
visibility: {  }
