uuid: 5e7234fd-fc2e-41be-abc7-fa3ecb788bde
langcode: en
status: true
dependencies:
  config:
    - core.entity_view_mode.node.custom_frontpage_content_top_block
    - field.field.node.article.body
    - field.field.node.article.field_body_via_paragraphs
    - field.field.node.article.field_custom_comments_field
    - field.field.node.article.field_display_title
    - field.field.node.article.field_exclusive
    - field.field.node.article.field_global_tags
    - field.field.node.article.field_main_image
    - field.field.node.article.field_trending_tags
    - node.type.article
  module:
    - layout_builder
    - layout_discovery
    - user
third_party_settings:
  layout_builder:
    enabled: true
    allow_custom: false
    sections:
      -
        layout_id: layout_onecol
        layout_settings:
          label: ''
        components:
          aef061ed-94c1-4219-91ed-7f565a4fea78:
            uuid: aef061ed-94c1-4219-91ed-7f565a4fea78
            region: content
            configuration:
              id: 'field_block:node:article:field_main_image'
              label_display: '0'
              context_mapping:
                entity: layout_builder.entity
              formatter:
                type: entity_reference_entity_view
                label: hidden
                settings:
                  view_mode: default
                  link: false
                third_party_settings: {  }
            weight: 0
            additional: {  }
          15de6bd5-6452-4ba2-8e37-53b457a4cac5:
            uuid: 15de6bd5-6452-4ba2-8e37-53b457a4cac5
            region: content
            configuration:
              id: 'field_block:node:article:field_global_tags'
              label_display: '0'
              context_mapping:
                entity: layout_builder.entity
              formatter:
                type: entity_reference_label
                label: hidden
                settings:
                  link: true
                third_party_settings: {  }
            weight: 1
            additional: {  }
        third_party_settings: {  }
      -
        layout_id: layout_onecol
        layout_settings:
          label: Header
          context_mapping: {  }
          layout_builder_styles_style: custom_exclusive_and_title
        components:
          6b0c7b96-f424-455b-99d8-20f8a82dfb70:
            uuid: 6b0c7b96-f424-455b-99d8-20f8a82dfb70
            region: content
            configuration:
              id: 'field_block:node:article:field_exclusive'
              label: Exclusive
              label_display: '0'
              provider: layout_builder
              context_mapping:
                entity: layout_builder.entity
                view_mode: view_mode
              formatter:
                type: boolean
                label: hidden
                settings:
                  format: custom
                  format_custom_false: ''
                  format_custom_true: Exclusive
                third_party_settings: {  }
            weight: 0
            additional:
              layout_builder_styles_style: ''
          f9e2d88f-8e44-4775-9e8e-eddd4abe4b6b:
            uuid: f9e2d88f-8e44-4775-9e8e-eddd4abe4b6b
            region: content
            configuration:
              id: 'field_block:node:article:title'
              label: Title
              label_display: '0'
              provider: layout_builder
              context_mapping:
                entity: layout_builder.entity
                view_mode: view_mode
              formatter:
                type: title_value_field_formatter
                label: hidden
                settings:
                  tag: h2
                  linked: 1
                  classes: ''
                third_party_settings: {  }
            weight: 1
            additional:
              layout_builder_styles_style: ''
        third_party_settings: {  }
_core:
  default_config_hash: b4RQ-Nfz-gOoG_jjftd_qDIz4lf_-OzlxoLHkRXjfrE
id: node.article.custom_frontpage_content_top_block
targetEntityType: node
bundle: article
mode: custom_frontpage_content_top_block
content:
  field_global_tags:
    type: entity_reference_label
    label: hidden
    settings:
      link: true
    third_party_settings: {  }
    weight: 2
    region: content
  field_main_image:
    type: entity_reference_entity_view
    label: hidden
    settings:
      view_mode: default
      link: false
    third_party_settings: {  }
    weight: 0
    region: content
hidden:
  body: true
  field_body_via_paragraphs: true
  field_custom_comments_field: true
  field_display_title: true
  field_exclusive: true
  field_trending_tags: true
  links: true
