uuid: 5e7234fd-fc2e-41be-abc7-fa3ecb788bde
langcode: en
status: true
dependencies:
  config:
    - core.entity_view_mode.node.custom_frontpage_content_top_block
    - field.field.node.article.body
    - field.field.node.article.field_custom_comments_field
    - field.field.node.article.field_display_title
    - field.field.node.article.field_exclusive
    - field.field.node.article.field_global_tags
    - field.field.node.article.field_main_image
    - field.field.node.article.field_trending_tags
    - node.type.article
  module:
    - title_field_for_manage_display
    - user
_core:
  default_config_hash: b4RQ-Nfz-gOoG_jjftd_qDIz4lf_-OzlxoLHkRXjfrE
id: node.article.custom_frontpage_content_top_block
targetEntityType: node
bundle: article
mode: custom_frontpage_content_top_block
content:
  field_display_title:
    type: title_value_field_formatter
    label: hidden
    settings:
      tag: h4
      linked: '1'
      classes: ''
    third_party_settings: {  }
    weight: 1
    region: content
  field_global_tags:
    type: entity_reference_label
    label: hidden
    settings:
      link: true
    third_party_settings: {  }
    weight: 2
    region: content
  field_main_image:
    type: entity_reference_entity_view
    label: hidden
    settings:
      view_mode: default
      link: false
    third_party_settings: {  }
    weight: 0
    region: content
hidden:
  body: true
  field_custom_comments_field: true
  field_exclusive: true
  field_trending_tags: true
  links: true
